{
  "name": "highcharts-typescript-beta",
  "version": "1.0.0",
  "lockfileVersion": 1,
  "requires": true,
  "dependencies": {
    "highcharts": {
      "version": "6.1.4",
      "resolved": "https://registry.npmjs.org/highcharts/-/highcharts-6.1.4.tgz",
      "integrity": "sha512-m7uK2dvDmop4wAgB7RQjODS894HqNrxRUJh+Px7n1PsNyb7+aO22cRxx2rhvjmy1R8Q3Tf5I03AbjN5oAYyWSw=="
    }
  }
}
